# This file was autogenerated by Stack.
# You should not edit this file by hand.
# For more information, please see the documentation at:
#   https://docs.haskellstack.org/en/stable/lock_files

packages:
- completed:
    hackage: th-pprint-0.2.0.0@sha256:e21e1d9e1f33f7020cb2bef72840e5d4471cc75e90aba2a43415c16e83c565ad,1035
    pantry-tree:
      size: 376
      sha256: d9d70a9d17c615ec5d34eb8687cbbe85e8d4f61ed87015ba360236ac86f01e33
  original:
    hackage: th-pprint-0.2.0.0
- completed:
    hackage: hw-hspec-hedgehog-0.1.0.8@sha256:189d09c94c8a1803d985a251839a79a902014b99b94c71e01bebde6c7a03d76e,2167
    pantry-tree:
      size: 414
      sha256: 4fca9316185b6d8eeffd02e53ac92f21167f244b16358521f326e05373bf2294
  original:
    hackage: hw-hspec-hedgehog-0.1.0.8
- completed:
    cabal-file:
      size: 1539
      sha256: 374a3417936e65b7b2da41035c21567b68b5b20b032455646b22d980ac77f9a3
    name: hspec-expectations-pretty-diff
    version: 0.7.2.4
    git: https://github.com/myfreeweb/hspec-expectations-pretty-diff.git
    pantry-tree:
      size: 955
      sha256: e1592b9acc643755f2fa1a55b5ecaaf881eb36a2caf6d79b11bf0615974f62bd
    commit: b0f3a8697db5c5a7d9ccf319381bcb8605c5992f
  original:
    git: https://github.com/myfreeweb/hspec-expectations-pretty-diff.git
    commit: b0f3a8697db5c5a7d9ccf319381bcb8605c5992f
snapshots:
- completed:
    size: 524127
    url: https://raw.githubusercontent.com/commercialhaskell/stackage-snapshots/master/lts/14/6.yaml
    sha256: dc70dfb45e2c32f54719819bd055f46855dd4b3bd2e58b9f3f38729a2d553fbb
  original: lts-14.6
