# This file was autogenerated by Stack.
# You should not edit this file by hand.
# For more information, please see the documentation at:
#   https://docs.haskellstack.org/en/stable/lock_files

packages:
- completed:
    hackage: th-pprint-0.2.0.0@sha256:e21e1d9e1f33f7020cb2bef72840e5d4471cc75e90aba2a43415c16e83c565ad,1035
    pantry-tree:
      size: 376
      sha256: d9d70a9d17c615ec5d34eb8687cbbe85e8d4f61ed87015ba360236ac86f01e33
  original:
    hackage: th-pprint-0.2.0.0
- completed:
    hackage: hedgehog-1.0.1@sha256:b65b1ebde7b7fe8e693070916e45aa2ed63eea5e3f84ac3a8f9a0b7f8fcf0337,4465
    pantry-tree:
      size: 2409
      sha256: 41ff1350ad4efb5bcad364e85df7616d30836b348f83b20826349efea8fbc8dd
  original:
    hackage: hedgehog-1.0.1
- completed:
    cabal-file:
      size: 1539
      sha256: 374a3417936e65b7b2da41035c21567b68b5b20b032455646b22d980ac77f9a3
    name: hspec-expectations-pretty-diff
    version: 0.7.2.4
    git: https://github.com/myfreeweb/hspec-expectations-pretty-diff.git
    pantry-tree:
      size: 955
      sha256: e1592b9acc643755f2fa1a55b5ecaaf881eb36a2caf6d79b11bf0615974f62bd
    commit: b0f3a8697db5c5a7d9ccf319381bcb8605c5992f
  original:
    git: https://github.com/myfreeweb/hspec-expectations-pretty-diff.git
    commit: b0f3a8697db5c5a7d9ccf319381bcb8605c5992f
snapshots:
- completed:
    size: 523700
    url: https://raw.githubusercontent.com/commercialhaskell/stackage-snapshots/master/lts/14/7.yaml
    sha256: 8e3f3c894be74d71fa4bf085e0a8baae7e4d7622d07ea31a52736b80f8b9bb1a
  original: lts-14.7
