# This file was autogenerated by Stack.
# You should not edit this file by hand.
# For more information, please see the documentation at:
#   https://docs.haskellstack.org/en/stable/lock_files

packages:
- completed:
    hackage: th-pprint-0.2.0.0@sha256:e21e1d9e1f33f7020cb2bef72840e5d4471cc75e90aba2a43415c16e83c565ad,1035
    pantry-tree:
      sha256: d9d70a9d17c615ec5d34eb8687cbbe85e8d4f61ed87015ba360236ac86f01e33
      size: 376
  original:
    hackage: th-pprint-0.2.0.0
- completed:
    commit: 3c84e463e30e0c1b09850aa4d52a08a8eb3b43a0
    git: https://github.com/myfreeweb/hspec-expectations-pretty-diff.git
    name: hspec-expectations-pretty-diff
    pantry-tree:
      sha256: 118a3777a7f4befcd924ad8806218b2bc918a5471d8e80da861e5ae8844e5965
      size: 1010
    version: 0.7.2.6
  original:
    commit: 3c84e463e30e0c1b09850aa4d52a08a8eb3b43a0
    git: https://github.com/myfreeweb/hspec-expectations-pretty-diff.git
snapshots:
- completed:
    sha256: a81fb3877c4f9031e1325eb3935122e608d80715dc16b586eb11ddbff8671ecd
    size: 640086
    url: https://raw.githubusercontent.com/commercialhaskell/stackage-snapshots/master/lts/21/25.yaml
  original: lts-21.25
