# This file was autogenerated by Stack.
# You should not edit this file by hand.
# For more information, please see the documentation at:
#   https://docs.haskellstack.org/en/stable/lock_files

packages:
- completed:
    hackage: megaparsec-7.0.0@sha256:dc9e17e5b2d84d2a44b74689b40cd53f2d585e931413a66693c9fa438beafa8d,6210
    pantry-tree:
      size: 2647
      sha256: c5b2267075325811365a331ade0b7ec4ed7d6f816b790efd7a96e4475797a7c4
  original:
    hackage: megaparsec-7.0.0
- completed:
    hackage: th-pprint-0.2.0.0@sha256:e21e1d9e1f33f7020cb2bef72840e5d4471cc75e90aba2a43415c16e83c565ad,1035
    pantry-tree:
      size: 376
      sha256: d9d70a9d17c615ec5d34eb8687cbbe85e8d4f61ed87015ba360236ac86f01e33
  original:
    hackage: th-pprint-0.2.0.0
- completed:
    hackage: hw-hspec-hedgehog-0.1.0.7@sha256:55aa4cde8c44af616e534f8994f6fb8d8274e92207f3923b901139a715868e3d,2214
    pantry-tree:
      size: 413
      sha256: 7a4399a7a5c11fb1df84c24a3374b25911fa47050b215dbe9e89342995c0cd15
  original:
    hackage: hw-hspec-hedgehog-0.1.0.7
- completed:
    cabal-file:
      size: 1539
      sha256: 374a3417936e65b7b2da41035c21567b68b5b20b032455646b22d980ac77f9a3
    name: hspec-expectations-pretty-diff
    version: 0.7.2.4
    git: https://github.com/myfreeweb/hspec-expectations-pretty-diff.git
    pantry-tree:
      size: 955
      sha256: e1592b9acc643755f2fa1a55b5ecaaf881eb36a2caf6d79b11bf0615974f62bd
    commit: b0f3a8697db5c5a7d9ccf319381bcb8605c5992f
  original:
    git: https://github.com/myfreeweb/hspec-expectations-pretty-diff.git
    commit: b0f3a8697db5c5a7d9ccf319381bcb8605c5992f
- completed:
    hackage: hspec-megaparsec-2.0.0@sha256:67653221904632172628877f6fa467f78ce6cf900ff63377fbbc911676701796,2497
    pantry-tree:
      size: 385
      sha256: 62fcf5e9bfb5d38119d7b4376e7aafd560d65200bf5cb727e98ce46ae8d8757b
  original:
    hackage: hspec-megaparsec-2.0.0
- completed:
    hackage: hedgehog-1.0.1@sha256:b65b1ebde7b7fe8e693070916e45aa2ed63eea5e3f84ac3a8f9a0b7f8fcf0337,4465
    pantry-tree:
      size: 2409
      sha256: 41ff1350ad4efb5bcad364e85df7616d30836b348f83b20826349efea8fbc8dd
  original:
    hackage: hedgehog-1.0.1
- completed:
    hackage: hspec-2.7.1@sha256:0aa48928ce80a34f8ff8c5ef114bb6807edfb8d884bcd7211eceed710e7fb7a8,1769
    pantry-tree:
      size: 532
      sha256: 8128733a7ef4760bbe5d978f2145fdcb29f4491b17db11e8c05b409441ceecb4
  original:
    hackage: hspec-2.7.1
- completed:
    hackage: hspec-core-2.7.1@sha256:2a6dc7fa989e6feed1ff1f9fbd376e8b7e824216a981282cb0c8d5643c7a085b,4506
    pantry-tree:
      size: 3601
      sha256: 53f3c9c16fcb9087a48a96fb05b939b4c87f7108f6bad1f5f273b8cd3d3f3d88
  original:
    hackage: hspec-core-2.7.1
- completed:
    hackage: hspec-discover-2.7.1@sha256:e8ce36741c06b41de58069814a7d3b7314bdeaab35ae573e3c924739011e0c29,2243
    pantry-tree:
      size: 1080
      sha256: 2d1c4ccbd0c9047311d1bd24989714df844003c258964ef65d542f6627dc0fed
  original:
    hackage: hspec-discover-2.7.1
- completed:
    hackage: QuickCheck-2.13.2@sha256:ad4e5adbd1c9dc0221a44307b992cb040c515f31095182e47aa7e974bc461df1,6952
    pantry-tree:
      size: 2202
      sha256: f79eee2f6a00b2c649f993a7b358827702373cbc931ced55ebdfb59625540403
  original:
    hackage: QuickCheck-2.13.2
- completed:
    hackage: splitmix-0.0.3@sha256:a27ceded6f6eb37c8eef67a34afac589d281cd1548e8ae8b75ac7dfd3b293830,4728
    pantry-tree:
      size: 870
      sha256: 54e02b9905e7ec865401b45784c7fc8474c003875243d38a210efd7bbf4bb7ce
  original:
    hackage: splitmix-0.0.3
snapshots:
- completed:
    size: 504771
    url: https://raw.githubusercontent.com/commercialhaskell/stackage-snapshots/master/lts/12/14.yaml
    sha256: 3cbd6c83316dd5e2bbc756dc7a2a4e31a31859c3f8b5c720efb6850b08e42649
  original: lts-12.14
