# This file was autogenerated by Stack.
# You should not edit this file by hand.
# For more information, please see the documentation at:
#   https://docs.haskellstack.org/en/stable/lock_files

packages:
- completed:
    commit: 3c84e463e30e0c1b09850aa4d52a08a8eb3b43a0
    git: https://github.com/myfreeweb/hspec-expectations-pretty-diff.git
    name: hspec-expectations-pretty-diff
    pantry-tree:
      sha256: 118a3777a7f4befcd924ad8806218b2bc918a5471d8e80da861e5ae8844e5965
      size: 1010
    version: 0.7.2.6
  original:
    commit: 3c84e463e30e0c1b09850aa4d52a08a8eb3b43a0
    git: https://github.com/myfreeweb/hspec-expectations-pretty-diff.git
- completed:
    hackage: bytestring-0.11.3.1@sha256:0cc97b237df9a34d12de37973ad306391e24b0c262387c4d846bb8d1d65699dd,7339
    pantry-tree:
      sha256: c0097091b5524b6ddb060829e06d44b321436052b4fcfb137c1ee5052c1d666b
      size: 3946
  original:
    hackage: bytestring-0.11.3.1
- completed:
    hackage: text-2.0@sha256:86e64bc76fefb8f0f6529d28ddf24b2a29d43591a8b9b7c7094f481a0db2fb7d,7788
    pantry-tree:
      sha256: 894b84358fbad3cb8c16f224d3d8b7a1d7b6bcae68cda5a9998dd964904a6560
      size: 7364
  original:
    hackage: text-2.0
- completed:
    hackage: mtl-2.2.2@sha256:1050fb71acd9f5d67da7d992583f5bd0eb14407b9dc7acc122af1b738b706ca3,2261
    pantry-tree:
      sha256: b8bdc2259e2f943a7252fb164805666fe108ac959d398e0af27b43ba2ebc241c
      size: 1713
  original:
    hackage: mtl-2.2.2
- completed:
    hackage: containers-0.6.4.1@sha256:01604b8995b3c37ba7aec6b9412da9c4c058c737c45bb671cdaeec7821313712,2622
    pantry-tree:
      sha256: 6aa707c079ad45dddc40fea27e3ac3bf79c942d26d853232e3d6e060dd017245
      size: 2823
  original:
    hackage: containers-0.6.4.1
- completed:
    hackage: megaparsec-9.2.2@sha256:c306a135ec25d91d252032c6128f03598a00e87ea12fcf5fc4878fdffc75c768,3219
    pantry-tree:
      sha256: db9715d6910e64d3bbfce69895042a66fcdcd64a54805563834bf0821562b74f
      size: 1518
  original:
    hackage: megaparsec-9.2.2
- completed:
    hackage: parser-combinators-1.3.0@sha256:8659573e0d443d573f5b53f81b81dafbdc988d282b90c11e3da73562b4ea7876,1640
    pantry-tree:
      sha256: 4e23178c63f624bbe16342a9b3cfb4afdddee393ce0beec9b19cce0a0345a080
      size: 795
  original:
    hackage: parser-combinators-1.3.0
- completed:
    hackage: binary-0.8.9.0@sha256:9cac9a1d86bfa3e7f75cc8bffaa256f3967ebb6d76f67a42f9679384c5c5e18a,6523
    pantry-tree:
      sha256: 61308af6be2cdb6ba09390d35f3fa1ebb45e3af688bf04922658532398eaa276
      size: 1976
  original:
    hackage: binary-0.8.9.0
- completed:
    hackage: scientific-0.3.7.0@sha256:909755ab19b453169ff85281323da1488407776b2360bd9f7afdd219fd306ef2,4869
    pantry-tree:
      sha256: 00e74ee83063c8c5cf5c726d9ed079a7f67051f3ddd9e2ecbbe3c6ea06271061
      size: 657
  original:
    hackage: scientific-0.3.7.0
- completed:
    hackage: template-haskell-2.18.0.0@sha256:6cb4f8bb2e5641eb8c931105adc7184114ed42c501675779a2e8695c2d0a7975,2152
    pantry-tree:
      sha256: e915b412008449fdcd8b839869a4edc9a6bc29e5ee5ec80067661bf6954424e5
      size: 921
  original:
    hackage: template-haskell-2.18.0.0
- completed:
    hackage: filepath-1.4.2.2@sha256:3622cbc524093b18af0235249087546473ab04e9fe275967680e97755a9eae6b,2225
    pantry-tree:
      sha256: e8aa0c8f41f1f6801cbbc5e0f0bff434edc0fb7b9d822ec2690240051393d19b
      size: 784
  original:
    hackage: filepath-1.4.2.2
- completed:
    hackage: directory-1.3.6.2@sha256:6e5f3e0adfe94483d5754d97d741b7d23a5e085d47176075b1955d4fa78f37aa,2811
    pantry-tree:
      sha256: d57f8cdec2b2ab0a2b9dbf36074c0430a6f1bb5063289b61c1bc682cdf3f17e2
      size: 3433
  original:
    hackage: directory-1.3.6.2
- completed:
    hackage: text-manipulate-0.3.1.0@sha256:aa2b074d0bba21a15e2d4b5b3ff439dea75f3b114b25436b75e615e7cebe9d66,1984
    pantry-tree:
      sha256: 68a58c335b7d86f6a7fe95406bf3fad5b6f6fb2437829606597a2bfd3dcd2cf9
      size: 578
  original:
    hackage: text-manipulate-0.3.1.0
- completed:
    hackage: mono-traversable-1.0.15.3@sha256:059bf3c05cdbef2d06b765333fe41c2168ced2503a23de674e2a59ceb2548c48,2060
    pantry-tree:
      sha256: 20193844369b5e6e0ed2c0df9946db5bd65a6206e3cc9f7cf059523e27a818b8
      size: 710
  original:
    hackage: mono-traversable-1.0.15.3
- completed:
    hackage: Cabal-3.6.3.0@sha256:ff97c442b0c679c1c9876acd15f73ac4f602b973c45bde42b43ec28265ee48f4,12459
    pantry-tree:
      sha256: b250a53bdb56844f047a2927833bb565b936a289abfa85dfc2a63148d776368a
      size: 19757
  original:
    hackage: Cabal-3.6.3.0
- completed:
    hackage: parsec-3.1.15.0@sha256:a162d4cc8884014ba35192545cad293af0529fe11497aad8834bbaaa3dfffc26,4429
    pantry-tree:
      sha256: cbddc1e3c5ada6925354850cc0a8fadcd8643689098a504a0ed25ef9e0b932b8
      size: 2630
  original:
    hackage: parsec-3.1.15.0
- completed:
    hackage: hspec-2.10.9@sha256:6000b21e29175be7cf6625399603772650abd3d9c47e722faa930dd5e9836bba,1714
    pantry-tree:
      sha256: 9771ad23bc54e3339706842b3e00890d722dcd66559eed4dcd253f526141c55b
      size: 583
  original:
    hackage: hspec-2.10.9
- completed:
    hackage: hspec-core-2.10.9@sha256:e4cb5f44ec6151feec398581318f256b07f916d8a95240852859f8f954dea7b2,6712
    pantry-tree:
      sha256: 3e7865842a7abbc3c458f51c64e854d3e9ab3ee1cbcd5fe81d14b225ca5ea0d9
      size: 6070
  original:
    hackage: hspec-core-2.10.9
- completed:
    hackage: hspec-discover-2.10.9@sha256:e54f978b1bcb3d0fd3a78eccf360b0731184290a1387d431531217db68f55fc4,2169
    pantry-tree:
      sha256: 2650803ddd66d6032ab03a4871a8879feb5787c7e49db43463743f7c06df3a58
      size: 828
  original:
    hackage: hspec-discover-2.10.9
snapshots:
- completed:
    sha256: a2cbcd2f37010a64c4ef74c21fd7e55982a07b49840d2bed306f9bac9981a9c3
    size: 648420
    url: https://raw.githubusercontent.com/commercialhaskell/stackage-snapshots/master/lts/20/0.yaml
  original: lts-20.0
